
Microsoft Visual Studio Solution File, Format Version 12.00
# Visual Studio Version 17
VisualStudioVersion = 17.0.31912.275
MinimumVisualStudioVersion = 10.0.40219.1
Project("{FAE04EC0-301F-11D3-BF4B-00C04F79EFBC}") = "CSCI511-Project-4", "CSCI511-Project-4\CSCI511-Project-4.csproj", "{2C281095-E488-410C-966A-EF6822A179AB}"
EndProject
Global
	GlobalSection(SolutionConfigurationPlatforms) = preSolution
		Debug|Any CPU = Debug|Any CPU
		Release|Any CPU = Release|Any CPU
	EndGlobalSection
	GlobalSection(ProjectConfigurationPlatforms) = postSolution
		{2C281095-E488-410C-966A-EF6822A179AB}.Debug|Any CPU.ActiveCfg = Debug|Any CPU
		{2C281095-E488-410C-966A-EF6822A179AB}.Debug|Any CPU.Build.0 = Debug|Any CPU
		{2C281095-E488-410C-966A-EF6822A179AB}.Release|Any CPU.ActiveCfg = Release|Any CPU
		{2C281095-E488-410C-966A-EF6822A179AB}.Release|Any CPU.Build.0 = Release|Any CPU
	EndGlobalSection
	GlobalSection(SolutionProperties) = preSolution
		HideSolutionNode = FALSE
	EndGlobalSection
	GlobalSection(ExtensibilityGlobals) = postSolution
		SolutionGuid = {83E88DF9-1A9D-44E9-9C90-E8949B6939E3}
	EndGlobalSection
EndGlobal
